PODS:
  - Flutter (1.0.0)
  - "permission_handler (5.1.0+2)":
    - Flutter
  - shared_preferences (0.0.1):
    - Flutter
  - zego_effects_plugin (0.0.1):
    - Flutter
  - zego_express_engine (2.18.1):
    - Flutter
    - ZegoExpressEngine (= 2.18.1)
  - ZegoExpressEngine (2.18.1):
    - ZegoExpressEngine/Video (= 2.18.1)
  - ZegoExpressEngine/Video (2.18.1)

DEPENDENCIES:
  - Flutter (from `Flutter`)
  - permission_handler (from `.symlinks/plugins/permission_handler/ios`)
  - shared_preferences (from `.symlinks/plugins/shared_preferences/ios`)
  - zego_effects_plugin (from `.symlinks/plugins/zego_effects_plugin/ios`)
  - zego_express_engine (from `.symlinks/plugins/zego_express_engine/ios`)

SPEC REPOS:
  trunk:
    - ZegoExpressEngine

EXTERNAL SOURCES:
  Flutter:
    :path: Flutter
  permission_handler:
    :path: ".symlinks/plugins/permission_handler/ios"
  shared_preferences:
    :path: ".symlinks/plugins/shared_preferences/ios"
  zego_effects_plugin:
    :path: ".symlinks/plugins/zego_effects_plugin/ios"
  zego_express_engine:
    :path: ".symlinks/plugins/zego_express_engine/ios"

SPEC CHECKSUMS:
  Flutter: 50d75fe2f02b26cc09d224853bb45737f8b3214a
  permission_handler: ccb20a9fad0ee9b1314a52b70b76b473c5f8dab0
  shared_preferences: af6bfa751691cdc24be3045c43ec037377ada40d
  zego_effects_plugin: ab162294f5ab7e9c4ec0ee06b97a99252d7e52f5
  zego_express_engine: c7988a2f4789f14b991dc8ab1741c8193575a05f
  ZegoExpressEngine: 55dd43c5b4c088f68fd159a44588ccd488db70e5

PODFILE CHECKSUM: 940133b6559ce6d1a27259dd17e23732d98e6556

COCOAPODS: 1.11.3
